{
  "nodes": {
    "darwin": {
      "inputs": {
        "nixpkgs": [
          "nixpkgs"
        ]
      },
      "locked": {
        "lastModified": 1720599442,
        "narHash": "sha256-jdm+sKVbBXoyrxcHbVaV0htlpq2iFR+eJw3Xe/DPcDo=",
        "owner": "lnl7",
        "repo": "nix-darwin",
        "rev": "cf297a8d248db6a455b60133f6c0029c04ebe50e",
        "type": "github"
      },
      "original": {
        "owner": "lnl7",
        "repo": "nix-darwin",
        "type": "github"
      }
    },
    "nixpkgs": {
      "locked": {
        "lastModified": 1720697004,
        "narHash": "sha256-LaNjmEyVhM6+78Z2onGxnzS/x/XtABvmi068YUYv0SM=",
        "owner": "NixOS",
        "repo": "nixpkgs",
        "rev": "870dee25191906192cba64a031da23dd035568fd",
        "type": "github"
      },
      "original": {
        "owner": "NixOS",
        "repo": "nixpkgs",
        "type": "github"
      }
    },
    "root": {
      "inputs": {
        "darwin": "darwin",
        "nixpkgs": "nixpkgs"
      }
    }
  },
  "root": "root",
  "version": 7
}
