# This file is automatically @generated by Poetry 1.8.3 and should not be changed by hand.

[[package]]
name = "debugpy"
version = "1.8.13"
description = "An implementation of the Debug Adapter Protocol for Python"
optional = false
python-versions = ">=3.8"
files = [
    {file = "debugpy-1.8.13-cp310-cp310-macosx_14_0_x86_64.whl", hash = "sha256:06859f68e817966723ffe046b896b1bd75c665996a77313370336ee9e1de3e90"},
    {file = "debugpy-1.8.13-cp310-cp310-manylinux_2_5_x86_64.manylinux1_x86_64.manylinux_2_17_x86_64.manylinux2014_x86_64.whl", hash = "sha256:cb56c2db69fb8df3168bc857d7b7d2494fed295dfdbde9a45f27b4b152f37520"},
    {file = "debugpy-1.8.13-cp310-cp310-win32.whl", hash = "sha256:46abe0b821cad751fc1fb9f860fb2e68d75e2c5d360986d0136cd1db8cad4428"},
    {file = "debugpy-1.8.13-cp310-cp310-win_amd64.whl", hash = "sha256:dc7b77f5d32674686a5f06955e4b18c0e41fb5a605f5b33cf225790f114cfeec"},
    {file = "debugpy-1.8.13-cp311-cp311-macosx_14_0_universal2.whl", hash = "sha256:eee02b2ed52a563126c97bf04194af48f2fe1f68bb522a312b05935798e922ff"},
    {file = "debugpy-1.8.13-cp311-cp311-manylinux_2_5_x86_64.manylinux1_x86_64.manylinux_2_17_x86_64.manylinux2014_x86_64.whl", hash = "sha256:4caca674206e97c85c034c1efab4483f33971d4e02e73081265ecb612af65377"},
    {file = "debugpy-1.8.13-cp311-cp311-win32.whl", hash = "sha256:7d9a05efc6973b5aaf076d779cf3a6bbb1199e059a17738a2aa9d27a53bcc888"},
    {file = "debugpy-1.8.13-cp311-cp311-win_amd64.whl", hash = "sha256:62f9b4a861c256f37e163ada8cf5a81f4c8d5148fc17ee31fb46813bd658cdcc"},
    {file = "debugpy-1.8.13-cp312-cp312-macosx_14_0_universal2.whl", hash = "sha256:2b8de94c5c78aa0d0ed79023eb27c7c56a64c68217d881bee2ffbcb13951d0c1"},
    {file = "debugpy-1.8.13-cp312-cp312-manylinux_2_5_x86_64.manylinux1_x86_64.manylinux_2_17_x86_64.manylinux2014_x86_64.whl", hash = "sha256:887d54276cefbe7290a754424b077e41efa405a3e07122d8897de54709dbe522"},
    {file = "debugpy-1.8.13-cp312-cp312-win32.whl", hash = "sha256:3872ce5453b17837ef47fb9f3edc25085ff998ce63543f45ba7af41e7f7d370f"},
    {file = "debugpy-1.8.13-cp312-cp312-win_amd64.whl", hash = "sha256:63ca7670563c320503fea26ac688988d9d6b9c6a12abc8a8cf2e7dd8e5f6b6ea"},
    {file = "debugpy-1.8.13-cp313-cp313-macosx_14_0_universal2.whl", hash = "sha256:31abc9618be4edad0b3e3a85277bc9ab51a2d9f708ead0d99ffb5bb750e18503"},
    {file = "debugpy-1.8.13-cp313-cp313-manylinux_2_5_x86_64.manylinux1_x86_64.manylinux_2_17_x86_64.manylinux2014_x86_64.whl", hash = "sha256:a0bd87557f97bced5513a74088af0b84982b6ccb2e254b9312e29e8a5c4270eb"},
    {file = "debugpy-1.8.13-cp313-cp313-win32.whl", hash = "sha256:5268ae7fdca75f526d04465931cb0bd24577477ff50e8bb03dab90983f4ebd02"},
    {file = "debugpy-1.8.13-cp313-cp313-win_amd64.whl", hash = "sha256:79ce4ed40966c4c1631d0131606b055a5a2f8e430e3f7bf8fd3744b09943e8e8"},
    {file = "debugpy-1.8.13-cp38-cp38-macosx_14_0_x86_64.whl", hash = "sha256:acf39a6e98630959763f9669feddee540745dfc45ad28dbc9bd1f9cd60639391"},
    {file = "debugpy-1.8.13-cp38-cp38-manylinux_2_5_x86_64.manylinux1_x86_64.manylinux_2_17_x86_64.manylinux2014_x86_64.whl", hash = "sha256:924464d87e7d905eb0d79fb70846558910e906d9ee309b60c4fe597a2e802590"},
    {file = "debugpy-1.8.13-cp38-cp38-win32.whl", hash = "sha256:3dae443739c6b604802da9f3e09b0f45ddf1cf23c99161f3a1a8039f61a8bb89"},
    {file = "debugpy-1.8.13-cp38-cp38-win_amd64.whl", hash = "sha256:ed93c3155fc1f888ab2b43626182174e457fc31b7781cd1845629303790b8ad1"},
    {file = "debugpy-1.8.13-cp39-cp39-macosx_14_0_x86_64.whl", hash = "sha256:6fab771639332bd8ceb769aacf454a30d14d7a964f2012bf9c4e04c60f16e85b"},
    {file = "debugpy-1.8.13-cp39-cp39-manylinux_2_5_x86_64.manylinux1_x86_64.manylinux_2_17_x86_64.manylinux2014_x86_64.whl", hash = "sha256:32b6857f8263a969ce2ca098f228e5cc0604d277447ec05911a8c46cf3e7e307"},
    {file = "debugpy-1.8.13-cp39-cp39-win32.whl", hash = "sha256:f14d2c4efa1809da125ca62df41050d9c7cd9cb9e380a2685d1e453c4d450ccb"},
    {file = "debugpy-1.8.13-cp39-cp39-win_amd64.whl", hash = "sha256:ea869fe405880327497e6945c09365922c79d2a1eed4c3ae04d77ac7ae34b2b5"},
    {file = "debugpy-1.8.13-py2.py3-none-any.whl", hash = "sha256:d4ba115cdd0e3a70942bd562adba9ec8c651fe69ddde2298a1be296fc331906f"},
    {file = "debugpy-1.8.13.tar.gz", hash = "sha256:837e7bef95bdefba426ae38b9a94821ebdc5bea55627879cd48165c90b9e50ce"},
]

[metadata]
lock-version = "2.0"
python-versions = "^3.12"
content-hash = "9314913606755ed9bef1c2b703553447ac3b789d38efb85cbe08cb5f583a6258"
